# This file is automatically @generated by Cargo.
# It is not intended for manual editing.
version = 3

[[package]]
name = "ego-tree"
version = "0.9.0"
source = "registry+https://github.com/rust-lang/crates.io-index"
checksum = "7c6ba7d4eec39eaa9ab24d44a0e73a7949a1095a8b3f3abb11eddf27dbb56a53"

[[package]]
name = "walnut"
version = "0.1.0"

[[package]]
name = "walnut-html"
version = "0.1.0"
dependencies = [
 "ego-tree",
]
